
Microsoft Visual Studio Solution File, Format Version 12.00
# Visual Studio Version 17
VisualStudioVersion = 17.12.35506.116
MinimumVisualStudioVersion = 10.0.40219.1
Project("{2150E333-8FDC-42A3-9474-1A3956D46DE8}") = "Task0", "Task0", "{368B609E-F67D-4F06-84C2-4D0CEA635E71}"
EndProject
Project("{FAE04EC0-301F-11D3-BF4B-00C04F79EFBC}") = "Tyuiu.ShakhovDK.Sprint5.Task0.V27", "Tyuiu.ShakhovDK.Sprint5.Task0.V27\Tyuiu.ShakhovDK.Sprint5.Task0.V27.csproj", "{7C53B6BA-106B-4266-901F-4822BA512B31}"
EndProject
Project("{FAE04EC0-301F-11D3-BF4B-00C04F79EFBC}") = "Tyuiu.ShakhovDK.Sprint5.Task0.V27.Lib", "Tyuiu.ShakhovDK.Sprint5.Task0.V27.Lib\Tyuiu.ShakhovDK.Sprint5.Task0.V27.Lib.csproj", "{20ED8791-6D87-4154-9722-25CC694819EB}"
EndProject
Project("{FAE04EC0-301F-11D3-BF4B-00C04F79EFBC}") = "Tyuiu.ShakhovDK.Sprint5.Task0.V27.Test", "Tyuiu.ShakhovDK.Sprint5.Task0.V27.Test\Tyuiu.ShakhovDK.Sprint5.Task0.V27.Test.csproj", "{EA1541C8-27EB-46C0-8182-7F9ABD331568}"
EndProject
Project("{2150E333-8FDC-42A3-9474-1A3956D46DE8}") = "Task1", "Task1", "{488DC952-3393-45F1-BE5E-6FBCA84D10AC}"
EndProject
Project("{FAE04EC0-301F-11D3-BF4B-00C04F79EFBC}") = "Tyuiu.ShakhovDK.Sprint5.Task1.V5", "Tyuiu.ShakhovDK.Sprint5.Task1.V5\Tyuiu.ShakhovDK.Sprint5.Task1.V5.csproj", "{6530CE27-D5E4-4A5F-99CA-F7A207E0ABC2}"
EndProject
Project("{FAE04EC0-301F-11D3-BF4B-00C04F79EFBC}") = "Tyuiu.ShakhovDK.Sprint5.Task1.V5.Lib", "Tyuiu.ShakhovDK.Sprint5.Task1.V5.Lib\Tyuiu.ShakhovDK.Sprint5.Task1.V5.Lib.csproj", "{6D0528CB-C5A3-4F27-B8EE-5F41BDBB3471}"
EndProject
Project("{FAE04EC0-301F-11D3-BF4B-00C04F79EFBC}") = "Tyuiu.ShakhovDK.Sprint5.Task1.V5.Test", "Tyuiu.ShakhovDK.Sprint5.Task1.V5.Test\Tyuiu.ShakhovDK.Sprint5.Task1.V5.Test.csproj", "{9CEAA35D-987C-442B-AD3E-F469EDED3FA8}"
EndProject
Project("{2150E333-8FDC-42A3-9474-1A3956D46DE8}") = "Task2", "Task2", "{5AD455A2-5FCF-4DE3-894E-CAD7E85C2335}"
EndProject
Project("{FAE04EC0-301F-11D3-BF4B-00C04F79EFBC}") = "Tyuiu.ShakhovDK.Sprint5.Task2.V8", "Tyuiu.ShakhovDK.Sprint5.Task2.V8\Tyuiu.ShakhovDK.Sprint5.Task2.V8.csproj", "{99BCCD00-2020-4C8D-BDEB-BFC503E8B08B}"
EndProject
Project("{FAE04EC0-301F-11D3-BF4B-00C04F79EFBC}") = "Tyuiu.ShakhovDK.Sprint5.Task2.V8.Lib", "Tyuiu.ShakhovDK.Sprint5.Task2.V8.Lib\Tyuiu.ShakhovDK.Sprint5.Task2.V8.Lib.csproj", "{858A1B0D-2F3A-41CD-BF5B-17B20713130F}"
EndProject
Project("{FAE04EC0-301F-11D3-BF4B-00C04F79EFBC}") = "Tyuiu.ShakhovDK.Sprint5.Task2.V8.Test", "Tyuiu.ShakhovDK.Sprint5.Task2.V8.Test\Tyuiu.ShakhovDK.Sprint5.Task2.V8.Test.csproj", "{4635D3F3-1992-463F-8587-9DE889E1C4FE}"
EndProject
Project("{2150E333-8FDC-42A3-9474-1A3956D46DE8}") = "Task3", "Task3", "{DADB7962-3A56-4B53-B361-527CF6F8D546}"
EndProject
Project("{FAE04EC0-301F-11D3-BF4B-00C04F79EFBC}") = "Tyuiu.ShakhovDK.Sprint5.Task3.V16", "Tyuiu.ShakhovDK.Sprint5.Task3.V16\Tyuiu.ShakhovDK.Sprint5.Task3.V16.csproj", "{61235AA1-6918-47EA-AF98-11F634B24805}"
EndProject
Project("{FAE04EC0-301F-11D3-BF4B-00C04F79EFBC}") = "Tyuiu.ShakhovDK.Sprint5.Task3.V16.Lib", "Tyuiu.ShakhovDK.Sprint5.Task3.V16.Lib\Tyuiu.ShakhovDK.Sprint5.Task3.V16.Lib.csproj", "{75519CF6-449D-4316-8C8F-92D0D134BE08}"
EndProject
Project("{FAE04EC0-301F-11D3-BF4B-00C04F79EFBC}") = "Tyuiu.ShakhovDK.Sprint5.Task3.V16.Test", "Tyuiu.ShakhovDK.Sprint5.Task3.V16.Test\Tyuiu.ShakhovDK.Sprint5.Task3.V16.Test.csproj", "{C74E0883-0DA5-471A-A92A-91752130AEB5}"
EndProject
Project("{2150E333-8FDC-42A3-9474-1A3956D46DE8}") = "Task4", "Task4", "{3C2FD128-50A9-433F-9F33-0A0AE8731C65}"
EndProject
Project("{FAE04EC0-301F-11D3-BF4B-00C04F79EFBC}") = "Tyuiu.ShakhovDK.Sprint5.Task4.V4", "Tyuiu.ShakhovDK.Sprint5.Task4.V4\Tyuiu.ShakhovDK.Sprint5.Task4.V4.csproj", "{20F8F501-AB66-4324-88EC-BCD876926E95}"
EndProject
Project("{FAE04EC0-301F-11D3-BF4B-00C04F79EFBC}") = "Tyuiu.ShakhovDK.Sprint5.Task4.V4.Lib", "Tyuiu.ShakhovDK.Sprint5.Task4.V4.Lib\Tyuiu.ShakhovDK.Sprint5.Task4.V4.Lib.csproj", "{269CD6F7-C7D3-4087-BC15-B5F652FFB558}"
EndProject
Project("{FAE04EC0-301F-11D3-BF4B-00C04F79EFBC}") = "Tyuiu.ShakhovDK.Sprint5.Task4.V4.Test", "Tyuiu.ShakhovDK.Sprint5.Task4.V4.Test\Tyuiu.ShakhovDK.Sprint5.Task4.V4.Test.csproj", "{8DB0A2E1-B86B-4126-AED2-188B5126C5A1}"
EndProject
Project("{2150E333-8FDC-42A3-9474-1A3956D46DE8}") = "Task5", "Task5", "{6F010497-0855-40FE-B5DE-AF73A1D4B46B}"
EndProject
Project("{FAE04EC0-301F-11D3-BF4B-00C04F79EFBC}") = "Tyuiu.ShakhovDK.Sprint5.Task5.V9", "Tyuiu.ShakhovDK.Sprint5.Task5.V9\Tyuiu.ShakhovDK.Sprint5.Task5.V9.csproj", "{C490BE5A-375F-4C77-AF81-EA1EE00E0642}"
EndProject
Project("{FAE04EC0-301F-11D3-BF4B-00C04F79EFBC}") = "Tyuiu.ShakhovDK.Sprint5.Task5.V9.Lib", "Tyuiu.ShakhovDK.Sprint5.Task5.V9.Lib\Tyuiu.ShakhovDK.Sprint5.Task5.V9.Lib.csproj", "{45DEA822-0D17-42AE-A947-ADD55EBB0BFF}"
EndProject
Project("{FAE04EC0-301F-11D3-BF4B-00C04F79EFBC}") = "Tyuiu.ShakhovDK.Sprint5.Task5.V9.Test", "Tyuiu.ShakhovDK.Sprint5.Task5.V9.Test\Tyuiu.ShakhovDK.Sprint5.Task5.V9.Test.csproj", "{397AE0B6-1960-496C-B0E2-21D766B07B44}"
EndProject
Project("{2150E333-8FDC-42A3-9474-1A3956D46DE8}") = "Task6", "Task6", "{F1DB5512-B1E1-41B8-AADC-09E7EB5F31FF}"
EndProject
Project("{FAE04EC0-301F-11D3-BF4B-00C04F79EFBC}") = "Tyuiu.ShakhovDK.Sprint5.Task6.V29", "Tyuiu.ShakhovDK.Sprint5.Task6.V29\Tyuiu.ShakhovDK.Sprint5.Task6.V29.csproj", "{3D08DB87-D87F-46B2-9C2B-A10AC403F141}"
EndProject
Project("{FAE04EC0-301F-11D3-BF4B-00C04F79EFBC}") = "Tyuiu.ShakhovDK.Sprint5.Task6.V29.Lib", "Tyuiu.ShakhovDK.Sprint5.Task6.V29.Lib\Tyuiu.ShakhovDK.Sprint5.Task6.V29.Lib.csproj", "{C0F6B105-5F3A-4F3B-81E8-74A20ED68FEF}"
EndProject
Project("{FAE04EC0-301F-11D3-BF4B-00C04F79EFBC}") = "Tyuiu.ShakhovDK.Sprint5.Task6.V29.Test", "Tyuiu.ShakhovDK.Sprint5.Task6.V29.Test\Tyuiu.ShakhovDK.Sprint5.Task6.V29.Test.csproj", "{A26AA7ED-89CA-4616-9DC3-E8DAC68AB25B}"
EndProject
Project("{2150E333-8FDC-42A3-9474-1A3956D46DE8}") = "Task7", "Task7", "{E86CDDC3-073E-4F67-B3C7-7F7081885A13}"
EndProject
Project("{FAE04EC0-301F-11D3-BF4B-00C04F79EFBC}") = "Tyuiu.ShakhovDK.Sprint5.Task7.V25", "Tyuiu.ShakhovDK.Sprint5.Task7.V25\Tyuiu.ShakhovDK.Sprint5.Task7.V25.csproj", "{89D1F4B8-41E9-4093-AC49-C09C4DE07D08}"
EndProject
Project("{FAE04EC0-301F-11D3-BF4B-00C04F79EFBC}") = "Tyuiu.ShakhovDK.Sprint5.Task7.V25.Lib", "Tyuiu.ShakhovDK.Sprint5.Task7.V25.Lib\Tyuiu.ShakhovDK.Sprint5.Task7.V25.Lib.csproj", "{5365775E-5F89-4F97-AED9-3C4A9B8F2E05}"
EndProject
Project("{FAE04EC0-301F-11D3-BF4B-00C04F79EFBC}") = "Tyuiu.ShakhovDK.Sprint5.Task7.V25.Test", "Tyuiu.ShakhovDK.Sprint5.Task7.V25.Test\Tyuiu.ShakhovDK.Sprint5.Task7.V25.Test.csproj", "{BEDB2CFD-AED3-48DA-8607-C7DAF45F7613}"
EndProject
Global
	GlobalSection(SolutionConfigurationPlatforms) = preSolution
		Debug|Any CPU = Debug|Any CPU
		Release|Any CPU = Release|Any CPU
	EndGlobalSection
	GlobalSection(ProjectConfigurationPlatforms) = postSolution
		{7C53B6BA-106B-4266-901F-4822BA512B31}.Debug|Any CPU.ActiveCfg = Debug|Any CPU
		{7C53B6BA-106B-4266-901F-4822BA512B31}.Debug|Any CPU.Build.0 = Debug|Any CPU
		{7C53B6BA-106B-4266-901F-4822BA512B31}.Release|Any CPU.ActiveCfg = Release|Any CPU
		{7C53B6BA-106B-4266-901F-4822BA512B31}.Release|Any CPU.Build.0 = Release|Any CPU
		{20ED8791-6D87-4154-9722-25CC694819EB}.Debug|Any CPU.ActiveCfg = Debug|Any CPU
		{20ED8791-6D87-4154-9722-25CC694819EB}.Debug|Any CPU.Build.0 = Debug|Any CPU
		{20ED8791-6D87-4154-9722-25CC694819EB}.Release|Any CPU.ActiveCfg = Release|Any CPU
		{20ED8791-6D87-4154-9722-25CC694819EB}.Release|Any CPU.Build.0 = Release|Any CPU
		{EA1541C8-27EB-46C0-8182-7F9ABD331568}.Debug|Any CPU.ActiveCfg = Debug|Any CPU
		{EA1541C8-27EB-46C0-8182-7F9ABD331568}.Debug|Any CPU.Build.0 = Debug|Any CPU
		{EA1541C8-27EB-46C0-8182-7F9ABD331568}.Release|Any CPU.ActiveCfg = Release|Any CPU
		{EA1541C8-27EB-46C0-8182-7F9ABD331568}.Release|Any CPU.Build.0 = Release|Any CPU
		{6530CE27-D5E4-4A5F-99CA-F7A207E0ABC2}.Debug|Any CPU.ActiveCfg = Debug|Any CPU
		{6530CE27-D5E4-4A5F-99CA-F7A207E0ABC2}.Debug|Any CPU.Build.0 = Debug|Any CPU
		{6530CE27-D5E4-4A5F-99CA-F7A207E0ABC2}.Release|Any CPU.ActiveCfg = Release|Any CPU
		{6530CE27-D5E4-4A5F-99CA-F7A207E0ABC2}.Release|Any CPU.Build.0 = Release|Any CPU
		{6D0528CB-C5A3-4F27-B8EE-5F41BDBB3471}.Debug|Any CPU.ActiveCfg = Debug|Any CPU
		{6D0528CB-C5A3-4F27-B8EE-5F41BDBB3471}.Debug|Any CPU.Build.0 = Debug|Any CPU
		{6D0528CB-C5A3-4F27-B8EE-5F41BDBB3471}.Release|Any CPU.ActiveCfg = Release|Any CPU
		{6D0528CB-C5A3-4F27-B8EE-5F41BDBB3471}.Release|Any CPU.Build.0 = Release|Any CPU
		{9CEAA35D-987C-442B-AD3E-F469EDED3FA8}.Debug|Any CPU.ActiveCfg = Debug|Any CPU
		{9CEAA35D-987C-442B-AD3E-F469EDED3FA8}.Debug|Any CPU.Build.0 = Debug|Any CPU
		{9CEAA35D-987C-442B-AD3E-F469EDED3FA8}.Release|Any CPU.ActiveCfg = Release|Any CPU
		{9CEAA35D-987C-442B-AD3E-F469EDED3FA8}.Release|Any CPU.Build.0 = Release|Any CPU
		{99BCCD00-2020-4C8D-BDEB-BFC503E8B08B}.Debug|Any CPU.ActiveCfg = Debug|Any CPU
		{99BCCD00-2020-4C8D-BDEB-BFC503E8B08B}.Debug|Any CPU.Build.0 = Debug|Any CPU
		{99BCCD00-2020-4C8D-BDEB-BFC503E8B08B}.Release|Any CPU.ActiveCfg = Release|Any CPU
		{99BCCD00-2020-4C8D-BDEB-BFC503E8B08B}.Release|Any CPU.Build.0 = Release|Any CPU
		{858A1B0D-2F3A-41CD-BF5B-17B20713130F}.Debug|Any CPU.ActiveCfg = Debug|Any CPU
		{858A1B0D-2F3A-41CD-BF5B-17B20713130F}.Debug|Any CPU.Build.0 = Debug|Any CPU
		{858A1B0D-2F3A-41CD-BF5B-17B20713130F}.Release|Any CPU.ActiveCfg = Release|Any CPU
		{858A1B0D-2F3A-41CD-BF5B-17B20713130F}.Release|Any CPU.Build.0 = Release|Any CPU
		{4635D3F3-1992-463F-8587-9DE889E1C4FE}.Debug|Any CPU.ActiveCfg = Debug|Any CPU
		{4635D3F3-1992-463F-8587-9DE889E1C4FE}.Debug|Any CPU.Build.0 = Debug|Any CPU
		{4635D3F3-1992-463F-8587-9DE889E1C4FE}.Release|Any CPU.ActiveCfg = Release|Any CPU
		{4635D3F3-1992-463F-8587-9DE889E1C4FE}.Release|Any CPU.Build.0 = Release|Any CPU
		{61235AA1-6918-47EA-AF98-11F634B24805}.Debug|Any CPU.ActiveCfg = Debug|Any CPU
		{61235AA1-6918-47EA-AF98-11F634B24805}.Debug|Any CPU.Build.0 = Debug|Any CPU
		{61235AA1-6918-47EA-AF98-11F634B24805}.Release|Any CPU.ActiveCfg = Release|Any CPU
		{61235AA1-6918-47EA-AF98-11F634B24805}.Release|Any CPU.Build.0 = Release|Any CPU
		{75519CF6-449D-4316-8C8F-92D0D134BE08}.Debug|Any CPU.ActiveCfg = Debug|Any CPU
		{75519CF6-449D-4316-8C8F-92D0D134BE08}.Debug|Any CPU.Build.0 = Debug|Any CPU
		{75519CF6-449D-4316-8C8F-92D0D134BE08}.Release|Any CPU.ActiveCfg = Release|Any CPU
		{75519CF6-449D-4316-8C8F-92D0D134BE08}.Release|Any CPU.Build.0 = Release|Any CPU
		{C74E0883-0DA5-471A-A92A-91752130AEB5}.Debug|Any CPU.ActiveCfg = Debug|Any CPU
		{C74E0883-0DA5-471A-A92A-91752130AEB5}.Debug|Any CPU.Build.0 = Debug|Any CPU
		{C74E0883-0DA5-471A-A92A-91752130AEB5}.Release|Any CPU.ActiveCfg = Release|Any CPU
		{C74E0883-0DA5-471A-A92A-91752130AEB5}.Release|Any CPU.Build.0 = Release|Any CPU
		{20F8F501-AB66-4324-88EC-BCD876926E95}.Debug|Any CPU.ActiveCfg = Debug|Any CPU
		{20F8F501-AB66-4324-88EC-BCD876926E95}.Debug|Any CPU.Build.0 = Debug|Any CPU
		{20F8F501-AB66-4324-88EC-BCD876926E95}.Release|Any CPU.ActiveCfg = Release|Any CPU
		{20F8F501-AB66-4324-88EC-BCD876926E95}.Release|Any CPU.Build.0 = Release|Any CPU
		{269CD6F7-C7D3-4087-BC15-B5F652FFB558}.Debug|Any CPU.ActiveCfg = Debug|Any CPU
		{269CD6F7-C7D3-4087-BC15-B5F652FFB558}.Debug|Any CPU.Build.0 = Debug|Any CPU
		{269CD6F7-C7D3-4087-BC15-B5F652FFB558}.Release|Any CPU.ActiveCfg = Release|Any CPU
		{269CD6F7-C7D3-4087-BC15-B5F652FFB558}.Release|Any CPU.Build.0 = Release|Any CPU
		{8DB0A2E1-B86B-4126-AED2-188B5126C5A1}.Debug|Any CPU.ActiveCfg = Debug|Any CPU
		{8DB0A2E1-B86B-4126-AED2-188B5126C5A1}.Debug|Any CPU.Build.0 = Debug|Any CPU
		{8DB0A2E1-B86B-4126-AED2-188B5126C5A1}.Release|Any CPU.ActiveCfg = Release|Any CPU
		{8DB0A2E1-B86B-4126-AED2-188B5126C5A1}.Release|Any CPU.Build.0 = Release|Any CPU
		{C490BE5A-375F-4C77-AF81-EA1EE00E0642}.Debug|Any CPU.ActiveCfg = Debug|Any CPU
		{C490BE5A-375F-4C77-AF81-EA1EE00E0642}.Debug|Any CPU.Build.0 = Debug|Any CPU
		{C490BE5A-375F-4C77-AF81-EA1EE00E0642}.Release|Any CPU.ActiveCfg = Release|Any CPU
		{C490BE5A-375F-4C77-AF81-EA1EE00E0642}.Release|Any CPU.Build.0 = Release|Any CPU
		{45DEA822-0D17-42AE-A947-ADD55EBB0BFF}.Debug|Any CPU.ActiveCfg = Debug|Any CPU
		{45DEA822-0D17-42AE-A947-ADD55EBB0BFF}.Debug|Any CPU.Build.0 = Debug|Any CPU
		{45DEA822-0D17-42AE-A947-ADD55EBB0BFF}.Release|Any CPU.ActiveCfg = Release|Any CPU
		{45DEA822-0D17-42AE-A947-ADD55EBB0BFF}.Release|Any CPU.Build.0 = Release|Any CPU
		{397AE0B6-1960-496C-B0E2-21D766B07B44}.Debug|Any CPU.ActiveCfg = Debug|Any CPU
		{397AE0B6-1960-496C-B0E2-21D766B07B44}.Debug|Any CPU.Build.0 = Debug|Any CPU
		{397AE0B6-1960-496C-B0E2-21D766B07B44}.Release|Any CPU.ActiveCfg = Release|Any CPU
		{397AE0B6-1960-496C-B0E2-21D766B07B44}.Release|Any CPU.Build.0 = Release|Any CPU
		{3D08DB87-D87F-46B2-9C2B-A10AC403F141}.Debug|Any CPU.ActiveCfg = Debug|Any CPU
		{3D08DB87-D87F-46B2-9C2B-A10AC403F141}.Debug|Any CPU.Build.0 = Debug|Any CPU
		{3D08DB87-D87F-46B2-9C2B-A10AC403F141}.Release|Any CPU.ActiveCfg = Release|Any CPU
		{3D08DB87-D87F-46B2-9C2B-A10AC403F141}.Release|Any CPU.Build.0 = Release|Any CPU
		{C0F6B105-5F3A-4F3B-81E8-74A20ED68FEF}.Debug|Any CPU.ActiveCfg = Debug|Any CPU
		{C0F6B105-5F3A-4F3B-81E8-74A20ED68FEF}.Debug|Any CPU.Build.0 = Debug|Any CPU
		{C0F6B105-5F3A-4F3B-81E8-74A20ED68FEF}.Release|Any CPU.ActiveCfg = Release|Any CPU
		{C0F6B105-5F3A-4F3B-81E8-74A20ED68FEF}.Release|Any CPU.Build.0 = Release|Any CPU
		{A26AA7ED-89CA-4616-9DC3-E8DAC68AB25B}.Debug|Any CPU.ActiveCfg = Debug|Any CPU
		{A26AA7ED-89CA-4616-9DC3-E8DAC68AB25B}.Debug|Any CPU.Build.0 = Debug|Any CPU
		{A26AA7ED-89CA-4616-9DC3-E8DAC68AB25B}.Release|Any CPU.ActiveCfg = Release|Any CPU
		{A26AA7ED-89CA-4616-9DC3-E8DAC68AB25B}.Release|Any CPU.Build.0 = Release|Any CPU
		{89D1F4B8-41E9-4093-AC49-C09C4DE07D08}.Debug|Any CPU.ActiveCfg = Debug|Any CPU
		{89D1F4B8-41E9-4093-AC49-C09C4DE07D08}.Debug|Any CPU.Build.0 = Debug|Any CPU
		{89D1F4B8-41E9-4093-AC49-C09C4DE07D08}.Release|Any CPU.ActiveCfg = Release|Any CPU
		{89D1F4B8-41E9-4093-AC49-C09C4DE07D08}.Release|Any CPU.Build.0 = Release|Any CPU
		{5365775E-5F89-4F97-AED9-3C4A9B8F2E05}.Debug|Any CPU.ActiveCfg = Debug|Any CPU
		{5365775E-5F89-4F97-AED9-3C4A9B8F2E05}.Debug|Any CPU.Build.0 = Debug|Any CPU
		{5365775E-5F89-4F97-AED9-3C4A9B8F2E05}.Release|Any CPU.ActiveCfg = Release|Any CPU
		{5365775E-5F89-4F97-AED9-3C4A9B8F2E05}.Release|Any CPU.Build.0 = Release|Any CPU
		{BEDB2CFD-AED3-48DA-8607-C7DAF45F7613}.Debug|Any CPU.ActiveCfg = Debug|Any CPU
		{BEDB2CFD-AED3-48DA-8607-C7DAF45F7613}.Debug|Any CPU.Build.0 = Debug|Any CPU
		{BEDB2CFD-AED3-48DA-8607-C7DAF45F7613}.Release|Any CPU.ActiveCfg = Release|Any CPU
		{BEDB2CFD-AED3-48DA-8607-C7DAF45F7613}.Release|Any CPU.Build.0 = Release|Any CPU
	EndGlobalSection
	GlobalSection(SolutionProperties) = preSolution
		HideSolutionNode = FALSE
	EndGlobalSection
	GlobalSection(NestedProjects) = preSolution
		{7C53B6BA-106B-4266-901F-4822BA512B31} = {368B609E-F67D-4F06-84C2-4D0CEA635E71}
		{20ED8791-6D87-4154-9722-25CC694819EB} = {368B609E-F67D-4F06-84C2-4D0CEA635E71}
		{EA1541C8-27EB-46C0-8182-7F9ABD331568} = {368B609E-F67D-4F06-84C2-4D0CEA635E71}
		{6530CE27-D5E4-4A5F-99CA-F7A207E0ABC2} = {488DC952-3393-45F1-BE5E-6FBCA84D10AC}
		{6D0528CB-C5A3-4F27-B8EE-5F41BDBB3471} = {488DC952-3393-45F1-BE5E-6FBCA84D10AC}
		{9CEAA35D-987C-442B-AD3E-F469EDED3FA8} = {488DC952-3393-45F1-BE5E-6FBCA84D10AC}
		{99BCCD00-2020-4C8D-BDEB-BFC503E8B08B} = {5AD455A2-5FCF-4DE3-894E-CAD7E85C2335}
		{858A1B0D-2F3A-41CD-BF5B-17B20713130F} = {5AD455A2-5FCF-4DE3-894E-CAD7E85C2335}
		{4635D3F3-1992-463F-8587-9DE889E1C4FE} = {5AD455A2-5FCF-4DE3-894E-CAD7E85C2335}
		{61235AA1-6918-47EA-AF98-11F634B24805} = {DADB7962-3A56-4B53-B361-527CF6F8D546}
		{75519CF6-449D-4316-8C8F-92D0D134BE08} = {DADB7962-3A56-4B53-B361-527CF6F8D546}
		{C74E0883-0DA5-471A-A92A-91752130AEB5} = {DADB7962-3A56-4B53-B361-527CF6F8D546}
		{20F8F501-AB66-4324-88EC-BCD876926E95} = {3C2FD128-50A9-433F-9F33-0A0AE8731C65}
		{269CD6F7-C7D3-4087-BC15-B5F652FFB558} = {3C2FD128-50A9-433F-9F33-0A0AE8731C65}
		{8DB0A2E1-B86B-4126-AED2-188B5126C5A1} = {3C2FD128-50A9-433F-9F33-0A0AE8731C65}
		{C490BE5A-375F-4C77-AF81-EA1EE00E0642} = {6F010497-0855-40FE-B5DE-AF73A1D4B46B}
		{45DEA822-0D17-42AE-A947-ADD55EBB0BFF} = {6F010497-0855-40FE-B5DE-AF73A1D4B46B}
		{397AE0B6-1960-496C-B0E2-21D766B07B44} = {6F010497-0855-40FE-B5DE-AF73A1D4B46B}
		{3D08DB87-D87F-46B2-9C2B-A10AC403F141} = {F1DB5512-B1E1-41B8-AADC-09E7EB5F31FF}
		{C0F6B105-5F3A-4F3B-81E8-74A20ED68FEF} = {F1DB5512-B1E1-41B8-AADC-09E7EB5F31FF}
		{A26AA7ED-89CA-4616-9DC3-E8DAC68AB25B} = {F1DB5512-B1E1-41B8-AADC-09E7EB5F31FF}
		{89D1F4B8-41E9-4093-AC49-C09C4DE07D08} = {E86CDDC3-073E-4F67-B3C7-7F7081885A13}
		{5365775E-5F89-4F97-AED9-3C4A9B8F2E05} = {E86CDDC3-073E-4F67-B3C7-7F7081885A13}
		{BEDB2CFD-AED3-48DA-8607-C7DAF45F7613} = {E86CDDC3-073E-4F67-B3C7-7F7081885A13}
	EndGlobalSection
EndGlobal
